
Microsoft Visual Studio Solution File, Format Version 12.00
# Visual Studio Version 16
VisualStudioVersion = 16.0.30907.101
MinimumVisualStudioVersion = 10.0.40219.1
Project("{FAE04EC0-301F-11D3-BF4B-00C04F79EFBC}") = "LastNinja", "LastNinja\LastNinja.csproj", "{5275042D-0B80-46C4-9FAA-EBDBF10AE4E6}"
EndProject
Project("{FAE04EC0-301F-11D3-BF4B-00C04F79EFBC}") = "LastNinjaTests", "LastNinjaTests\LastNinjaTests.csproj", "{8F641BBD-592F-493B-82FC-0F368656A2DA}"
EndProject
Global
	GlobalSection(SolutionConfigurationPlatforms) = preSolution
		Debug|Any CPU = Debug|Any CPU
		Release|Any CPU = Release|Any CPU
	EndGlobalSection
	GlobalSection(ProjectConfigurationPlatforms) = postSolution
		{5275042D-0B80-46C4-9FAA-EBDBF10AE4E6}.Debug|Any CPU.ActiveCfg = Debug|Any CPU
		{5275042D-0B80-46C4-9FAA-EBDBF10AE4E6}.Debug|Any CPU.Build.0 = Debug|Any CPU
		{5275042D-0B80-46C4-9FAA-EBDBF10AE4E6}.Release|Any CPU.ActiveCfg = Release|Any CPU
		{5275042D-0B80-46C4-9FAA-EBDBF10AE4E6}.Release|Any CPU.Build.0 = Release|Any CPU
		{8F641BBD-592F-493B-82FC-0F368656A2DA}.Debug|Any CPU.ActiveCfg = Debug|Any CPU
		{8F641BBD-592F-493B-82FC-0F368656A2DA}.Debug|Any CPU.Build.0 = Debug|Any CPU
		{8F641BBD-592F-493B-82FC-0F368656A2DA}.Release|Any CPU.ActiveCfg = Release|Any CPU
		{8F641BBD-592F-493B-82FC-0F368656A2DA}.Release|Any CPU.Build.0 = Release|Any CPU
	EndGlobalSection
	GlobalSection(SolutionProperties) = preSolution
		HideSolutionNode = FALSE
	EndGlobalSection
	GlobalSection(ExtensibilityGlobals) = postSolution
		SolutionGuid = {809CBB68-DC4C-4AC6-947E-C831BEE63D7C}
	EndGlobalSection
EndGlobal
